
Microsoft Visual Studio Solution File, Format Version 12.00
# Visual Studio Version 17
VisualStudioVersion = 17.3.32804.467
MinimumVisualStudioVersion = 10.0.40219.1
Project("{9A19103F-16F7-4668-BE54-9A1E7A4F7556}") = "MonitorProcesses", "MonitorProcesses\MonitorProcesses.csproj", "{5D25DBDA-FEB0-4E1F-97B5-43651FEDD220}"
EndProject
Project("{FAE04EC0-301F-11D3-BF4B-00C04F79EFBC}") = "MonitorProcessesTests", "MonitorProcessesTests\MonitorProcessesTests.csproj", "{43508E07-DA18-49C5-8D1A-4C444490386F}"
EndProject
Global
	GlobalSection(SolutionConfigurationPlatforms) = preSolution
		Debug|Any CPU = Debug|Any CPU
		Release|Any CPU = Release|Any CPU
	EndGlobalSection
	GlobalSection(ProjectConfigurationPlatforms) = postSolution
		{5D25DBDA-FEB0-4E1F-97B5-43651FEDD220}.Debug|Any CPU.ActiveCfg = Debug|Any CPU
		{5D25DBDA-FEB0-4E1F-97B5-43651FEDD220}.Debug|Any CPU.Build.0 = Debug|Any CPU
		{5D25DBDA-FEB0-4E1F-97B5-43651FEDD220}.Release|Any CPU.ActiveCfg = Release|Any CPU
		{5D25DBDA-FEB0-4E1F-97B5-43651FEDD220}.Release|Any CPU.Build.0 = Release|Any CPU
		{43508E07-DA18-49C5-8D1A-4C444490386F}.Debug|Any CPU.ActiveCfg = Debug|Any CPU
		{43508E07-DA18-49C5-8D1A-4C444490386F}.Debug|Any CPU.Build.0 = Debug|Any CPU
		{43508E07-DA18-49C5-8D1A-4C444490386F}.Release|Any CPU.ActiveCfg = Release|Any CPU
		{43508E07-DA18-49C5-8D1A-4C444490386F}.Release|Any CPU.Build.0 = Release|Any CPU
	EndGlobalSection
	GlobalSection(SolutionProperties) = preSolution
		HideSolutionNode = FALSE
	EndGlobalSection
	GlobalSection(ExtensibilityGlobals) = postSolution
		SolutionGuid = {36636176-5783-4099-A501-DB48F59EFFBE}
	EndGlobalSection
EndGlobal
